
Microsoft Visual Studio Solution File, Format Version 12.00
# Visual Studio Version 17
VisualStudioVersion = 17.2.32516.85
MinimumVisualStudioVersion = 10.0.40219.1
Project("{FAE04EC0-301F-11D3-BF4B-00C04F79EFBC}") = "TTGServer", "TTGServer\TTGServer.csproj", "{171A2070-EA8B-4D4F-BB63-86D9ACB95BBC}"
EndProject
Global
	GlobalSection(SolutionConfigurationPlatforms) = preSolution
		Debug|Any CPU = Debug|Any CPU
		Release|Any CPU = Release|Any CPU
	EndGlobalSection
	GlobalSection(ProjectConfigurationPlatforms) = postSolution
		{171A2070-EA8B-4D4F-BB63-86D9ACB95BBC}.Debug|Any CPU.ActiveCfg = Debug|Any CPU
		{171A2070-EA8B-4D4F-BB63-86D9ACB95BBC}.Debug|Any CPU.Build.0 = Debug|Any CPU
		{171A2070-EA8B-4D4F-BB63-86D9ACB95BBC}.Release|Any CPU.ActiveCfg = Release|Any CPU
		{171A2070-EA8B-4D4F-BB63-86D9ACB95BBC}.Release|Any CPU.Build.0 = Release|Any CPU
	EndGlobalSection
	GlobalSection(SolutionProperties) = preSolution
		HideSolutionNode = FALSE
	EndGlobalSection
	GlobalSection(ExtensibilityGlobals) = postSolution
		SolutionGuid = {3CF602E8-C3E0-430D-ACA3-4F1770DE1D9A}
	EndGlobalSection
EndGlobal
